
Microsoft Visual Studio Solution File, Format Version 12.00
# Visual Studio 15
VisualStudioVersion = 15.0.28307.1831
MinimumVisualStudioVersion = 10.0.40219.1
Project("{FAE04EC0-301F-11D3-BF4B-00C04F79EFBC}") = "Group 44", "Group 44\Group 44.csproj", "{4DCD418B-0D65-4575-9A98-33FF7AA7E28D}"
EndProject
Global
	GlobalSection(SolutionConfigurationPlatforms) = preSolution
		Debug|Any CPU = Debug|Any CPU
		Release|Any CPU = Release|Any CPU
	EndGlobalSection
	GlobalSection(ProjectConfigurationPlatforms) = postSolution
		{4DCD418B-0D65-4575-9A98-33FF7AA7E28D}.Debug|Any CPU.ActiveCfg = Debug|Any CPU
		{4DCD418B-0D65-4575-9A98-33FF7AA7E28D}.Debug|Any CPU.Build.0 = Debug|Any CPU
		{4DCD418B-0D65-4575-9A98-33FF7AA7E28D}.Release|Any CPU.ActiveCfg = Release|Any CPU
		{4DCD418B-0D65-4575-9A98-33FF7AA7E28D}.Release|Any CPU.Build.0 = Release|Any CPU
	EndGlobalSection
	GlobalSection(SolutionProperties) = preSolution
		HideSolutionNode = FALSE
	EndGlobalSection
	GlobalSection(ExtensibilityGlobals) = postSolution
		SolutionGuid = {CB513700-E32B-4D89-95D0-F5EE5EC96BF9}
	EndGlobalSection
EndGlobal
